
Microsoft Visual Studio Solution File, Format Version 12.00
# Visual Studio Version 16
VisualStudioVersion = 16.0.30128.74
MinimumVisualStudioVersion = 10.0.40219.1
Project("{FAE04EC0-301F-11D3-BF4B-00C04F79EFBC}") = "SweetShopView", "SweetShopView\SweetShopView.csproj", "{88582A62-CC1C-4927-B564-6B911017332D}"
EndProject
Project("{9A19103F-16F7-4668-BE54-9A1E7A4F7556}") = "SweetShopBusinessLogic", "SweetShopBusinessLogic\SweetShopBusinessLogic.csproj", "{99632BBD-911A-48CE-9DBA-A12AF63A182F}"
EndProject
Project("{9A19103F-16F7-4668-BE54-9A1E7A4F7556}") = "SweetShopListImplement", "SweetShopListImplement\SweetShopListImplement.csproj", "{713DF280-7FAF-4D0B-BBC9-5A5CF0B715CF}"
EndProject
Project("{9A19103F-16F7-4668-BE54-9A1E7A4F7556}") = "SweetShopFileImplement", "SweetShopFileImplement\SweetShopFileImplement.csproj", "{27E3A84D-68C2-483A-B084-3B84E9184EBD}"
EndProject
Project("{FAE04EC0-301F-11D3-BF4B-00C04F79EFBC}") = "SweetShopDatabaseImplement", "SweetShopDatabaseImplement\SweetShopDatabaseImplement.csproj", "{59D14EFB-C526-4EE8-A742-82B3F0D7783C}"
EndProject
Global
	GlobalSection(SolutionConfigurationPlatforms) = preSolution
		Debug|Any CPU = Debug|Any CPU
		Release|Any CPU = Release|Any CPU
	EndGlobalSection
	GlobalSection(ProjectConfigurationPlatforms) = postSolution
		{88582A62-CC1C-4927-B564-6B911017332D}.Debug|Any CPU.ActiveCfg = Debug|Any CPU
		{88582A62-CC1C-4927-B564-6B911017332D}.Debug|Any CPU.Build.0 = Debug|Any CPU
		{88582A62-CC1C-4927-B564-6B911017332D}.Release|Any CPU.ActiveCfg = Release|Any CPU
		{88582A62-CC1C-4927-B564-6B911017332D}.Release|Any CPU.Build.0 = Release|Any CPU
		{99632BBD-911A-48CE-9DBA-A12AF63A182F}.Debug|Any CPU.ActiveCfg = Debug|Any CPU
		{99632BBD-911A-48CE-9DBA-A12AF63A182F}.Debug|Any CPU.Build.0 = Debug|Any CPU
		{99632BBD-911A-48CE-9DBA-A12AF63A182F}.Release|Any CPU.ActiveCfg = Release|Any CPU
		{99632BBD-911A-48CE-9DBA-A12AF63A182F}.Release|Any CPU.Build.0 = Release|Any CPU
		{713DF280-7FAF-4D0B-BBC9-5A5CF0B715CF}.Debug|Any CPU.ActiveCfg = Debug|Any CPU
		{713DF280-7FAF-4D0B-BBC9-5A5CF0B715CF}.Debug|Any CPU.Build.0 = Debug|Any CPU
		{713DF280-7FAF-4D0B-BBC9-5A5CF0B715CF}.Release|Any CPU.ActiveCfg = Release|Any CPU
		{713DF280-7FAF-4D0B-BBC9-5A5CF0B715CF}.Release|Any CPU.Build.0 = Release|Any CPU
		{27E3A84D-68C2-483A-B084-3B84E9184EBD}.Debug|Any CPU.ActiveCfg = Debug|Any CPU
		{27E3A84D-68C2-483A-B084-3B84E9184EBD}.Debug|Any CPU.Build.0 = Debug|Any CPU
		{27E3A84D-68C2-483A-B084-3B84E9184EBD}.Release|Any CPU.ActiveCfg = Release|Any CPU
		{27E3A84D-68C2-483A-B084-3B84E9184EBD}.Release|Any CPU.Build.0 = Release|Any CPU
		{59D14EFB-C526-4EE8-A742-82B3F0D7783C}.Debug|Any CPU.ActiveCfg = Debug|Any CPU
		{59D14EFB-C526-4EE8-A742-82B3F0D7783C}.Debug|Any CPU.Build.0 = Debug|Any CPU
		{59D14EFB-C526-4EE8-A742-82B3F0D7783C}.Release|Any CPU.ActiveCfg = Release|Any CPU
		{59D14EFB-C526-4EE8-A742-82B3F0D7783C}.Release|Any CPU.Build.0 = Release|Any CPU
	EndGlobalSection
	GlobalSection(SolutionProperties) = preSolution
		HideSolutionNode = FALSE
	EndGlobalSection
	GlobalSection(ExtensibilityGlobals) = postSolution
		SolutionGuid = {A44D6853-23EA-44AC-920D-D489F66A98EB}
	EndGlobalSection
EndGlobal
